{
  "version": 4,
  "terraform_version": "1.11.3",
  "serial": 1,
  "lineage": "02a494ca-5784-059c-1336-2cf47dbb59b6",
  "outputs": {},
  "resources": [
    {
      "mode": "managed",
      "type": "spotify_playlist",
      "name": "playlist",
      "provider": "provider[\"registry.terraform.io/conradludgate/spotify\"]",
      "instances": [
        {
          "schema_version": 0,
          "attributes": {
            "description": "This is a playlist created using Terraform",
            "id": "4IF8E22vONgTSPWsAyv5XR",
            "name": "dino",
            "public": true,
            "snapshot_id": "AAAAAgxGARlGNMWtbC6yPkur6lV8F6tD",
            "tracks": [
              "1QUU43rTDMnGl4xyaIfsYN"
            ]
          },
          "sensitive_attributes": [],
          "private": "bnVsbA=="
        }
      ]
    }
  ],
  "check_results": null
}
